
Microsoft Visual Studio Solution File, Format Version 12.00
# Visual Studio Version 16
VisualStudioVersion = 16.0.28922.388
MinimumVisualStudioVersion = 10.0.40219.1
Project("{FAE04EC0-301F-11D3-BF4B-00C04F79EFBC}") = "Obfuscator", "Obfuscator\Obfuscator.csproj", "{AEFB8D40-BC01-4817-811E-EFE51BBB0699}"
EndProject
Project("{FAE04EC0-301F-11D3-BF4B-00C04F79EFBC}") = "EnforceScript", "EnforceScript\EnforceScript.csproj", "{C07EA6E4-3345-479B-A065-E6CFF65C1D16}"
EndProject
Project("{FAE04EC0-301F-11D3-BF4B-00C04F79EFBC}") = "EnforceScriptTests", "EnforceScriptTests\EnforceScriptTests.csproj", "{FD4FB23D-A593-45E4-AC0B-60593871D8E4}"
EndProject
Global
	GlobalSection(SolutionConfigurationPlatforms) = preSolution
		Debug|Any CPU = Debug|Any CPU
		Release|Any CPU = Release|Any CPU
	EndGlobalSection
	GlobalSection(ProjectConfigurationPlatforms) = postSolution
		{AEFB8D40-BC01-4817-811E-EFE51BBB0699}.Debug|Any CPU.ActiveCfg = Debug|Any CPU
		{AEFB8D40-BC01-4817-811E-EFE51BBB0699}.Debug|Any CPU.Build.0 = Debug|Any CPU
		{AEFB8D40-BC01-4817-811E-EFE51BBB0699}.Release|Any CPU.ActiveCfg = Release|Any CPU
		{AEFB8D40-BC01-4817-811E-EFE51BBB0699}.Release|Any CPU.Build.0 = Release|Any CPU
		{C07EA6E4-3345-479B-A065-E6CFF65C1D16}.Debug|Any CPU.ActiveCfg = Debug|Any CPU
		{C07EA6E4-3345-479B-A065-E6CFF65C1D16}.Debug|Any CPU.Build.0 = Debug|Any CPU
		{C07EA6E4-3345-479B-A065-E6CFF65C1D16}.Release|Any CPU.ActiveCfg = Release|Any CPU
		{C07EA6E4-3345-479B-A065-E6CFF65C1D16}.Release|Any CPU.Build.0 = Release|Any CPU
		{FD4FB23D-A593-45E4-AC0B-60593871D8E4}.Debug|Any CPU.ActiveCfg = Debug|Any CPU
		{FD4FB23D-A593-45E4-AC0B-60593871D8E4}.Debug|Any CPU.Build.0 = Debug|Any CPU
		{FD4FB23D-A593-45E4-AC0B-60593871D8E4}.Release|Any CPU.ActiveCfg = Release|Any CPU
		{FD4FB23D-A593-45E4-AC0B-60593871D8E4}.Release|Any CPU.Build.0 = Release|Any CPU
	EndGlobalSection
	GlobalSection(SolutionProperties) = preSolution
		HideSolutionNode = FALSE
	EndGlobalSection
	GlobalSection(ExtensibilityGlobals) = postSolution
		SolutionGuid = {1BC70FA8-4864-4E74-9BD8-5870555C57F8}
	EndGlobalSection
EndGlobal
